
Microsoft Visual Studio Solution File, Format Version 10.00
# Visual Studio 2008
Project("{FAE04EC0-301F-11D3-BF4B-00C04F79EFBC}") = "MpxjConvert", "MpxjConvert.csproj", "{E88A789A-DB88-4794-A729-D26235478E7C}"
EndProject
Project("{FAE04EC0-301F-11D3-BF4B-00C04F79EFBC}") = "MpxjTest", "MpxjTest.csproj", "{286E95B9-5128-4424-9468-B21242C9F015}"
EndProject
Global
	GlobalSection(SolutionConfigurationPlatforms) = preSolution
		Debug|Any CPU = Debug|Any CPU
		Release|Any CPU = Release|Any CPU
	EndGlobalSection
	GlobalSection(ProjectConfigurationPlatforms) = postSolution
		{E88A789A-DB88-4794-A729-D26235478E7C}.Debug|Any CPU.ActiveCfg = Debug|Any CPU
		{E88A789A-DB88-4794-A729-D26235478E7C}.Debug|Any CPU.Build.0 = Debug|Any CPU
		{E88A789A-DB88-4794-A729-D26235478E7C}.Release|Any CPU.ActiveCfg = Release|Any CPU
		{E88A789A-DB88-4794-A729-D26235478E7C}.Release|Any CPU.Build.0 = Release|Any CPU
		{286E95B9-5128-4424-9468-B21242C9F015}.Debug|Any CPU.ActiveCfg = Debug|Any CPU
		{286E95B9-5128-4424-9468-B21242C9F015}.Debug|Any CPU.Build.0 = Debug|Any CPU
		{286E95B9-5128-4424-9468-B21242C9F015}.Release|Any CPU.ActiveCfg = Release|Any CPU
		{286E95B9-5128-4424-9468-B21242C9F015}.Release|Any CPU.Build.0 = Release|Any CPU
	EndGlobalSection
	GlobalSection(SolutionProperties) = preSolution
		HideSolutionNode = FALSE
	EndGlobalSection
EndGlobal
